// !$*UTF8*$!
{
	archiveVersion = 1;
	classes = {
	};
	objectVersion = 56;
	objects = {

/* Begin PBXBuildFile section */
		1B85DBF52B8F905E004B1D44 /* Apple_FrameworkApp.swift in Sources */ = {isa = PBXBuildFile; fileRef = 1B85DBF42B8F905E004B1D44 /* Apple_FrameworkApp.swift */; };
		1B85DBF92B8F9060004B1D44 /* Assets.xcassets in Resources */ = {isa = PBXBuildFile; fileRef = 1B85DBF82B8F9060004B1D44 /* Assets.xcassets */; };
		1B85DBFC2B8F9060004B1D44 /* Preview Assets.xcassets in Resources */ = {isa = PBXBuildFile; fileRef = 1B85DBFB2B8F9060004B1D44 /* Preview Assets.xcassets */; };
		1B85DC032B901479004B1D44 /* Framework.swift in Sources */ = {isa = PBXBuildFile; fileRef = 1B85DC022B901479004B1D44 /* Framework.swift */; };
		1B85DC052B9016A3004B1D44 /* FrameworkGridView.swift in Sources */ = {isa = PBXBuildFile; fileRef = 1B85DC042B9016A3004B1D44 /* FrameworkGridView.swift */; };
		1BD2D9CC2B92B3FD004B876F /* frameworkdetailview.swift in Sources */ = {isa = PBXBuildFile; fileRef = 1BD2D9CB2B92B3FD004B876F /* frameworkdetailview.swift */; };
		1BD2D9D22B943194004B876F /* frameworkgridviewmodel.swift in Sources */ = {isa = PBXBuildFile; fileRef = 1BD2D9D12B943194004B876F /* frameworkgridviewmodel.swift */; };
		1BD2D9D62B9610F1004B876F /* safariview.swift in Sources */ = {isa = PBXBuildFile; fileRef = 1BD2D9D52B9610F1004B876F /* safariview.swift */; };
/* End PBXBuildFile section */

/* Begin PBXFileReference section */
		1B85DBF12B8F905E004B1D44 /* Apple-Framework.app */ = {isa = PBXFileReference; explicitFileType = wrapper.application; includeInIndex = 0; path = "Apple-Framework.app"; sourceTree = BUILT_PRODUCTS_DIR; };
		1B85DBF42B8F905E004B1D44 /* Apple_FrameworkApp.swift */ = {isa = PBXFileReference; lastKnownFileType = sourcecode.swift; path = Apple_FrameworkApp.swift; sourceTree = "<group>"; };
		1B85DBF82B8F9060004B1D44 /* Assets.xcassets */ = {isa = PBXFileReference; lastKnownFileType = folder.assetcatalog; path = Assets.xcassets; sourceTree = "<group>"; };
		1B85DBFB2B8F9060004B1D44 /* Preview Assets.xcassets */ = {isa = PBXFileReference; lastKnownFileType = folder.assetcatalog; path = "Preview Assets.xcassets"; sourceTree = "<group>"; };
		1B85DC022B901479004B1D44 /* Framework.swift */ = {isa = PBXFileReference; lastKnownFileType = sourcecode.swift; path = Framework.swift; sourceTree = "<group>"; };
		1B85DC042B9016A3004B1D44 /* FrameworkGridView.swift */ = {isa = PBXFileReference; lastKnownFileType = sourcecode.swift; path = FrameworkGridView.swift; sourceTree = "<group>"; };
		1BD2D9CB2B92B3FD004B876F /* frameworkdetailview.swift */ = {isa = PBXFileReference; lastKnownFileType = sourcecode.swift; path = frameworkdetailview.swift; sourceTree = "<group>"; };
		1BD2D9D12B943194004B876F /* frameworkgridviewmodel.swift */ = {isa = PBXFileReference; lastKnownFileType = sourcecode.swift; path = frameworkgridviewmodel.swift; sourceTree = "<group>"; };
		1BD2D9D52B9610F1004B876F /* safariview.swift */ = {isa = PBXFileReference; lastKnownFileType = sourcecode.swift; path = safariview.swift; sourceTree = "<group>"; };
/* End PBXFileReference section */

/* Begin PBXFrameworksBuildPhase section */
		1B85DBEE2B8F905E004B1D44 /* Frameworks */ = {
			isa = PBXFrameworksBuildPhase;
			buildActionMask = 2147483647;
			files = (
			);
			runOnlyForDeploymentPostprocessing = 0;
		};
/* End PBXFrameworksBuildPhase section */

/* Begin PBXGroup section */
		1B85DBE82B8F905E004B1D44 = {
			isa = PBXGroup;
			children = (
				1B85DBF32B8F905E004B1D44 /* Apple-Framework */,
				1B85DBF22B8F905E004B1D44 /* Products */,
			);
			sourceTree = "<group>";
		};
		1B85DBF22B8F905E004B1D44 /* Products */ = {
			isa = PBXGroup;
			children = (
				1B85DBF12B8F905E004B1D44 /* Apple-Framework.app */,
			);
			name = Products;
			sourceTree = "<group>";
		};
		1B85DBF32B8F905E004B1D44 /* Apple-Framework */ = {
			isa = PBXGroup;
			children = (
				1B85DBF42B8F905E004B1D44 /* Apple_FrameworkApp.swift */,
				1B85DC042B9016A3004B1D44 /* FrameworkGridView.swift */,
				1BD2D9CB2B92B3FD004B876F /* frameworkdetailview.swift */,
				1BD2D9D12B943194004B876F /* frameworkgridviewmodel.swift */,
				1B85DC022B901479004B1D44 /* Framework.swift */,
				1BD2D9D52B9610F1004B876F /* safariview.swift */,
				1B85DBF82B8F9060004B1D44 /* Assets.xcassets */,
				1B85DBFA2B8F9060004B1D44 /* Preview Content */,
			);
			path = "Apple-Framework";
			sourceTree = "<group>";
		};
		1B85DBFA2B8F9060004B1D44 /* Preview Content */ = {
			isa = PBXGroup;
			children = (
				1B85DBFB2B8F9060004B1D44 /* Preview Assets.xcassets */,
			);
			path = "Preview Content";
			sourceTree = "<group>";
		};
/* End PBXGroup section */

/* Begin PBXNativeTarget section */
		1B85DBF02B8F905E004B1D44 /* Apple-Framework */ = {
			isa = PBXNativeTarget;
			buildConfigurationList = 1B85DBFF2B8F9060004B1D44 /* Build configuration list for PBXNativeTarget "Apple-Framework" */;
			buildPhases = (
				1B85DBED2B8F905E004B1D44 /* Sources */,
				1B85DBEE2B8F905E004B1D44 /* Frameworks */,
				1B85DBEF2B8F905E004B1D44 /* Resources */,
			);
			buildRules = (
			);
			dependencies = (
			);
			name = "Apple-Framework";
			productName = "Apple-Framework";
			productReference = 1B85DBF12B8F905E004B1D44 /* Apple-Framework.app */;
			productType = "com.apple.product-type.application";
		};
/* End PBXNativeTarget section */

/* Begin PBXProject section */
		1B85DBE92B8F905E004B1D44 /* Project object */ = {
			isa = PBXProject;
			attributes = {
				BuildIndependentTargetsInParallel = 1;
				LastSwiftUpdateCheck = 1510;
				LastUpgradeCheck = 1510;
				TargetAttributes = {
					1B85DBF02B8F905E004B1D44 = {
						CreatedOnToolsVersion = 15.1;
					};
				};
			};
			buildConfigurationList = 1B85DBEC2B8F905E004B1D44 /* Build configuration list for PBXProject "Apple-Framework" */;
			compatibilityVersion = "Xcode 14.0";
			developmentRegion = en;
			hasScannedForEncodings = 0;
			knownRegions = (
				en,
				Base,
			);
			mainGroup = 1B85DBE82B8F905E004B1D44;
			productRefGroup = 1B85DBF22B8F905E004B1D44 /* Products */;
			projectDirPath = "";
			projectRoot = "";
			targets = (
				1B85DBF02B8F905E004B1D44 /* Apple-Framework */,
			);
		};
/* End PBXProject section */

/* Begin PBXResourcesBuildPhase section */
		1B85DBEF2B8F905E004B1D44 /* Resources */ = {
			isa = PBXResourcesBuildPhase;
			buildActionMask = 2147483647;
			files = (
				1B85DBFC2B8F9060004B1D44 /* Preview Assets.xcassets in Resources */,
				1B85DBF92B8F9060004B1D44 /* Assets.xcassets in Resources */,
			);
			runOnlyForDeploymentPostprocessing = 0;
		};
/* End PBXResourcesBuildPhase section */

/* Begin PBXSourcesBuildPhase section */
		1B85DBED2B8F905E004B1D44 /* Sources */ = {
			isa = PBXSourcesBuildPhase;
			buildActionMask = 2147483647;
			files = (
				1BD2D9D62B9610F1004B876F /* safariview.swift in Sources */,
				1BD2D9CC2B92B3FD004B876F /* frameworkdetailview.swift in Sources */,
				1B85DC052B9016A3004B1D44 /* FrameworkGridView.swift in Sources */,
				1B85DC032B901479004B1D44 /* Framework.swift in Sources */,
				1B85DBF52B8F905E004B1D44 /* Apple_FrameworkApp.swift in Sources */,
				1BD2D9D22B943194004B876F /* frameworkgridviewmodel.swift in Sources */,
			);
			runOnlyForDeploymentPostprocessing = 0;
		};
/* End PBXSourcesBuildPhase section */

/* Begin XCBuildConfiguration section */
		1B85DBFD2B8F9060004B1D44 /* Debug */ = {
			isa = XCBuildConfiguration;
			buildSettings = {
				ALWAYS_SEARCH_USER_PATHS = NO;
				ASSETCATALOG_COMPILER_GENERATE_SWIFT_ASSET_SYMBOL_EXTENSIONS = YES;
				CLANG_ANALYZER_NONNULL = YES;
				CLANG_ANALYZER_NUMBER_OBJECT_CONVERSION = YES_AGGRESSIVE;
				CLANG_CXX_LANGUAGE_STANDARD = "gnu++20";
				CLANG_ENABLE_MODULES = YES;
				CLANG_ENABLE_OBJC_ARC = YES;
				CLANG_ENABLE_OBJC_WEAK = YES;
				CLANG_WARN_BLOCK_CAPTURE_AUTORELEASING = YES;
				CLANG_WARN_BOOL_CONVERSION = YES;
				CLANG_WARN_COMMA = YES;
				CLANG_WARN_CONSTANT_CONVERSION = YES;
				CLANG_WARN_DEPRECATED_OBJC_IMPLEMENTATIONS = YES;
				CLANG_WARN_DIRECT_OBJC_ISA_USAGE = YES_ERROR;
				CLANG_WARN_DOCUMENTATION_COMMENTS = YES;
				CLANG_WARN_EMPTY_BODY = YES;
				CLANG_WARN_ENUM_CONVERSION = YES;
				CLANG_WARN_INFINITE_RECURSION = YES;
				CLANG_WARN_INT_CONVERSION = YES;
				CLANG_WARN_NON_LITERAL_NULL_CONVERSION = YES;
				CLANG_WARN_OBJC_IMPLICIT_RETAIN_SELF = YES;
				CLANG_WARN_OBJC_LITERAL_CONVERSION = YES;
				CLANG_WARN_OBJC_ROOT_CLASS = YES_ERROR;
				CLANG_WARN_QUOTED_INCLUDE_IN_FRAMEWORK_HEADER = YES;
				CLANG_WARN_RANGE_LOOP_ANALYSIS = YES;
				CLANG_WARN_STRICT_PROTOTYPES = YES;
				CLANG_WARN_SUSPICIOUS_MOVE = YES;
				CLANG_WARN_UNGUARDED_AVAILABILITY = YES_AGGRESSIVE;
				CLANG_WARN_UNREACHABLE_CODE = YES;
				CLANG_WARN__DUPLICATE_METHOD_MATCH = YES;
				COPY_PHASE_STRIP = NO;
				DEBUG_INFORMATION_FORMAT = dwarf;
				ENABLE_STRICT_OBJC_MSGSEND = YES;
				ENABLE_TESTABILITY = YES;
				ENABLE_USER_SCRIPT_SANDBOXING = YES;
				GCC_C_LANGUAGE_STANDARD = gnu17;
				GCC_DYNAMIC_NO_PIC = NO;
				GCC_NO_COMMON_BLOCKS = YES;
				GCC_OPTIMIZATION_LEVEL = 0;
				GCC_PREPROCESSOR_DEFINITIONS = (
					"DEBUG=1",
					"$(inherited)",
				);
				GCC_WARN_64_TO_32_BIT_CONVERSION = YES;
				GCC_WARN_ABOUT_RETURN_TYPE = YES_ERROR;
				GCC_WARN_UNDECLARED_SELECTOR = YES;
				GCC_WARN_UNINITIALIZED_AUTOS = YES_AGGRESSIVE;
				GCC_WARN_UNUSED_FUNCTION = YES;
				GCC_WARN_UNUSED_VARIABLE = YES;
				IPHONEOS_DEPLOYMENT_TARGET = 17.2;
				LOCALIZATION_PREFERS_STRING_CATALOGS = YES;
				MTL_ENABLE_DEBUG_INFO = INCLUDE_SOURCE;
				MTL_FAST_MATH = YES;
				ONLY_ACTIVE_ARCH = YES;
				SDKROOT = iphoneos;
				SWIFT_ACTIVE_COMPILATION_CONDITIONS = "DEBUG $(inherited)";
				SWIFT_OPTIMIZATION_LEVEL = "-Onone";
			};
			name = Debug;
		};
		1B85DBFE2B8F9060004B1D44 /* Release */ = {
			isa = XCBuildConfiguration;
			buildSettings = {
				ALWAYS_SEARCH_USER_PATHS = NO;
				ASSETCATALOG_COMPILER_GENERATE_SWIFT_ASSET_SYMBOL_EXTENSIONS = YES;
				CLANG_ANALYZER_NONNULL = YES;
				CLANG_ANALYZER_NUMBER_OBJECT_CONVERSION = YES_AGGRESSIVE;
				CLANG_CXX_LANGUAGE_STANDARD = "gnu++20";
				CLANG_ENABLE_MODULES = YES;
				CLANG_ENABLE_OBJC_ARC = YES;
				CLANG_ENABLE_OBJC_WEAK = YES;
				CLANG_WARN_BLOCK_CAPTURE_AUTORELEASING = YES;
				CLANG_WARN_BOOL_CONVERSION = YES;
				CLANG_WARN_COMMA = YES;
				CLANG_WARN_CONSTANT_CONVERSION = YES;
				CLANG_WARN_DEPRECATED_OBJC_IMPLEMENTATIONS = YES;
				CLANG_WARN_DIRECT_OBJC_ISA_USAGE = YES_ERROR;
				CLANG_WARN_DOCUMENTATION_COMMENTS = YES;
				CLANG_WARN_EMPTY_BODY = YES;
				CLANG_WARN_ENUM_CONVERSION = YES;
				CLANG_WARN_INFINITE_RECURSION = YES;
				CLANG_WARN_INT_CONVERSION = YES;
				CLANG_WARN_NON_LITERAL_NULL_CONVERSION = YES;
				CLANG_WARN_OBJC_IMPLICIT_RETAIN_SELF = YES;
				CLANG_WARN_OBJC_LITERAL_CONVERSION = YES;
				CLANG_WARN_OBJC_ROOT_CLASS = YES_ERROR;
				CLANG_WARN_QUOTED_INCLUDE_IN_FRAMEWORK_HEADER = YES;
				CLANG_WARN_RANGE_LOOP_ANALYSIS = YES;
				CLANG_WARN_STRICT_PROTOTYPES = YES;
				CLANG_WARN_SUSPICIOUS_MOVE = YES;
				CLANG_WARN_UNGUARDED_AVAILABILITY = YES_AGGRESSIVE;
				CLANG_WARN_UNREACHABLE_CODE = YES;
				CLANG_WARN__DUPLICATE_METHOD_MATCH = YES;
				COPY_PHASE_STRIP = NO;
				DEBUG_INFORMATION_FORMAT = "dwarf-with-dsym";
				ENABLE_NS_ASSERTIONS = NO;
				ENABLE_STRICT_OBJC_MSGSEND = YES;
				ENABLE_USER_SCRIPT_SANDBOXING = YES;
				GCC_C_LANGUAGE_STANDARD = gnu17;
				GCC_NO_COMMON_BLOCKS = YES;
				GCC_WARN_64_TO_32_BIT_CONVERSION = YES;
				GCC_WARN_ABOUT_RETURN_TYPE = YES_ERROR;
				GCC_WARN_UNDECLARED_SELECTOR = YES;
				GCC_WARN_UNINITIALIZED_AUTOS = YES_AGGRESSIVE;
				GCC_WARN_UNUSED_FUNCTION = YES;
				GCC_WARN_UNUSED_VARIABLE = YES;
				IPHONEOS_DEPLOYMENT_TARGET = 17.2;
				LOCALIZATION_PREFERS_STRING_CATALOGS = YES;
				MTL_ENABLE_DEBUG_INFO = NO;
				MTL_FAST_MATH = YES;
				SDKROOT = iphoneos;
				SWIFT_COMPILATION_MODE = wholemodule;
				VALIDATE_PRODUCT = YES;
			};
			name = Release;
		};
		1B85DC002B8F9060004B1D44 /* Debug */ = {
			isa = XCBuildConfiguration;
			buildSettings = {
				ASSETCATALOG_COMPILER_APPICON_NAME = AppIcon;
				ASSETCATALOG_COMPILER_GLOBAL_ACCENT_COLOR_NAME = AccentColor;
				CODE_SIGN_STYLE = Automatic;
				CURRENT_PROJECT_VERSION = 1;
				DEVELOPMENT_ASSET_PATHS = "\"Apple-Framework/Preview Content\"";
				ENABLE_PREVIEWS = YES;
				GENERATE_INFOPLIST_FILE = YES;
				INFOPLIST_KEY_UIApplicationSceneManifest_Generation = YES;
				INFOPLIST_KEY_UIApplicationSupportsIndirectInputEvents = YES;
				INFOPLIST_KEY_UILaunchScreen_Generation = YES;
				INFOPLIST_KEY_UISupportedInterfaceOrientations_iPad = "UIInterfaceOrientationPortrait UIInterfaceOrientationPortraitUpsideDown UIInterfaceOrientationLandscapeLeft UIInterfaceOrientationLandscapeRight";
				INFOPLIST_KEY_UISupportedInterfaceOrientations_iPhone = "UIInterfaceOrientationPortrait UIInterfaceOrientationLandscapeLeft UIInterfaceOrientationLandscapeRight";
				LD_RUNPATH_SEARCH_PATHS = (
					"$(inherited)",
					"@executable_path/Frameworks",
				);
				MARKETING_VERSION = 1.0;
				PRODUCT_BUNDLE_IDENTIFIER = "com.codewithritik.Apple-Framework";
				PRODUCT_NAME = "$(TARGET_NAME)";
				SWIFT_EMIT_LOC_STRINGS = YES;
				SWIFT_VERSION = 5.0;
				TARGETED_DEVICE_FAMILY = "1,2";
			};
			name = Debug;
		};
		1B85DC012B8F9060004B1D44 /* Release */ = {
			isa = XCBuildConfiguration;
			buildSettings = {
				ASSETCATALOG_COMPILER_APPICON_NAME = AppIcon;
				ASSETCATALOG_COMPILER_GLOBAL_ACCENT_COLOR_NAME = AccentColor;
				CODE_SIGN_STYLE = Automatic;
				CURRENT_PROJECT_VERSION = 1;
				DEVELOPMENT_ASSET_PATHS = "\"Apple-Framework/Preview Content\"";
				ENABLE_PREVIEWS = YES;
				GENERATE_INFOPLIST_FILE = YES;
				INFOPLIST_KEY_UIApplicationSceneManifest_Generation = YES;
				INFOPLIST_KEY_UIApplicationSupportsIndirectInputEvents = YES;
				INFOPLIST_KEY_UILaunchScreen_Generation = YES;
				INFOPLIST_KEY_UISupportedInterfaceOrientations_iPad = "UIInterfaceOrientationPortrait UIInterfaceOrientationPortraitUpsideDown UIInterfaceOrientationLandscapeLeft UIInterfaceOrientationLandscapeRight";
				INFOPLIST_KEY_UISupportedInterfaceOrientations_iPhone = "UIInterfaceOrientationPortrait UIInterfaceOrientationLandscapeLeft UIInterfaceOrientationLandscapeRight";
				LD_RUNPATH_SEARCH_PATHS = (
					"$(inherited)",
					"@executable_path/Frameworks",
				);
				MARKETING_VERSION = 1.0;
				PRODUCT_BUNDLE_IDENTIFIER = "com.codewithritik.Apple-Framework";
				PRODUCT_NAME = "$(TARGET_NAME)";
				SWIFT_EMIT_LOC_STRINGS = YES;
				SWIFT_VERSION = 5.0;
				TARGETED_DEVICE_FAMILY = "1,2";
			};
			name = Release;
		};
/* End XCBuildConfiguration section */

/* Begin XCConfigurationList section */
		1B85DBEC2B8F905E004B1D44 /* Build configuration list for PBXProject "Apple-Framework" */ = {
			isa = XCConfigurationList;
			buildConfigurations = (
				1B85DBFD2B8F9060004B1D44 /* Debug */,
				1B85DBFE2B8F9060004B1D44 /* Release */,
			);
			defaultConfigurationIsVisible = 0;
			defaultConfigurationName = Release;
		};
		1B85DBFF2B8F9060004B1D44 /* Build configuration list for PBXNativeTarget "Apple-Framework" */ = {
			isa = XCConfigurationList;
			buildConfigurations = (
				1B85DC002B8F9060004B1D44 /* Debug */,
				1B85DC012B8F9060004B1D44 /* Release */,
			);
			defaultConfigurationIsVisible = 0;
			defaultConfigurationName = Release;
		};
/* End XCConfigurationList section */
	};
	rootObject = 1B85DBE92B8F905E004B1D44 /* Project object */;
}
